
Microsoft Visual Studio Solution File, Format Version 12.00
# Visual Studio Version 17
VisualStudioVersion = 17.0.32014.148
MinimumVisualStudioVersion = 10.0.40219.1
Project("{FAE04EC0-301F-11D3-BF4B-00C04F79EFBC}") = "MVVM.UWP", "MVVM\MVVM.UWP\MVVM.UWP.csproj", "{678A089E-D499-4DA5-AAA8-016FC9228E9F}"
EndProject
Project("{FAE04EC0-301F-11D3-BF4B-00C04F79EFBC}") = "MVVM.Android", "MVVM\MVVM.Android\MVVM.Android.csproj", "{C5B1325D-2BE2-454B-B533-8F1E74422BBB}"
EndProject
Project("{FAE04EC0-301F-11D3-BF4B-00C04F79EFBC}") = "MVVM.iOS", "MVVM\MVVM.iOS\MVVM.iOS.csproj", "{2B91B2D6-B4A9-4842-8141-D2C3BB00295F}"
EndProject
Project("{9A19103F-16F7-4668-BE54-9A1E7A4F7556}") = "MVVM", "MVVM\MVVM\MVVM.csproj", "{8D272A9E-554A-409E-93A4-996963ADA700}"
EndProject
Global
	GlobalSection(SolutionConfigurationPlatforms) = preSolution
		Debug|Any CPU = Debug|Any CPU
		Debug|ARM = Debug|ARM
		Debug|iPhone = Debug|iPhone
		Debug|iPhoneSimulator = Debug|iPhoneSimulator
		Debug|x64 = Debug|x64
		Debug|x86 = Debug|x86
		Release|Any CPU = Release|Any CPU
		Release|ARM = Release|ARM
		Release|iPhone = Release|iPhone
		Release|iPhoneSimulator = Release|iPhoneSimulator
		Release|x64 = Release|x64
		Release|x86 = Release|x86
	EndGlobalSection
	GlobalSection(ProjectConfigurationPlatforms) = postSolution
		{678A089E-D499-4DA5-AAA8-016FC9228E9F}.Debug|Any CPU.ActiveCfg = Debug|x64
		{678A089E-D499-4DA5-AAA8-016FC9228E9F}.Debug|Any CPU.Build.0 = Debug|x64
		{678A089E-D499-4DA5-AAA8-016FC9228E9F}.Debug|Any CPU.Deploy.0 = Debug|x64
		{678A089E-D499-4DA5-AAA8-016FC9228E9F}.Debug|ARM.ActiveCfg = Debug|ARM
		{678A089E-D499-4DA5-AAA8-016FC9228E9F}.Debug|ARM.Build.0 = Debug|ARM
		{678A089E-D499-4DA5-AAA8-016FC9228E9F}.Debug|ARM.Deploy.0 = Debug|ARM
		{678A089E-D499-4DA5-AAA8-016FC9228E9F}.Debug|iPhone.ActiveCfg = Debug|x64
		{678A089E-D499-4DA5-AAA8-016FC9228E9F}.Debug|iPhone.Build.0 = Debug|x64
		{678A089E-D499-4DA5-AAA8-016FC9228E9F}.Debug|iPhone.Deploy.0 = Debug|x64
		{678A089E-D499-4DA5-AAA8-016FC9228E9F}.Debug|iPhoneSimulator.ActiveCfg = Debug|x64
		{678A089E-D499-4DA5-AAA8-016FC9228E9F}.Debug|iPhoneSimulator.Build.0 = Debug|x64
		{678A089E-D499-4DA5-AAA8-016FC9228E9F}.Debug|iPhoneSimulator.Deploy.0 = Debug|x64
		{678A089E-D499-4DA5-AAA8-016FC9228E9F}.Debug|x64.ActiveCfg = Debug|x64
		{678A089E-D499-4DA5-AAA8-016FC9228E9F}.Debug|x64.Build.0 = Debug|x64
		{678A089E-D499-4DA5-AAA8-016FC9228E9F}.Debug|x64.Deploy.0 = Debug|x64
		{678A089E-D499-4DA5-AAA8-016FC9228E9F}.Debug|x86.ActiveCfg = Debug|x86
		{678A089E-D499-4DA5-AAA8-016FC9228E9F}.Debug|x86.Build.0 = Debug|x86
		{678A089E-D499-4DA5-AAA8-016FC9228E9F}.Debug|x86.Deploy.0 = Debug|x86
		{678A089E-D499-4DA5-AAA8-016FC9228E9F}.Release|Any CPU.ActiveCfg = Release|x64
		{678A089E-D499-4DA5-AAA8-016FC9228E9F}.Release|Any CPU.Build.0 = Release|x64
		{678A089E-D499-4DA5-AAA8-016FC9228E9F}.Release|Any CPU.Deploy.0 = Release|x64
		{678A089E-D499-4DA5-AAA8-016FC9228E9F}.Release|ARM.ActiveCfg = Release|ARM
		{678A089E-D499-4DA5-AAA8-016FC9228E9F}.Release|ARM.Build.0 = Release|ARM
		{678A089E-D499-4DA5-AAA8-016FC9228E9F}.Release|ARM.Deploy.0 = Release|ARM
		{678A089E-D499-4DA5-AAA8-016FC9228E9F}.Release|iPhone.ActiveCfg = Release|x64
		{678A089E-D499-4DA5-AAA8-016FC9228E9F}.Release|iPhone.Build.0 = Release|x64
		{678A089E-D499-4DA5-AAA8-016FC9228E9F}.Release|iPhone.Deploy.0 = Release|x64
		{678A089E-D499-4DA5-AAA8-016FC9228E9F}.Release|iPhoneSimulator.ActiveCfg = Release|x64
		{678A089E-D499-4DA5-AAA8-016FC9228E9F}.Release|iPhoneSimulator.Build.0 = Release|x64
		{678A089E-D499-4DA5-AAA8-016FC9228E9F}.Release|iPhoneSimulator.Deploy.0 = Release|x64
		{678A089E-D499-4DA5-AAA8-016FC9228E9F}.Release|x64.ActiveCfg = Release|x64
		{678A089E-D499-4DA5-AAA8-016FC9228E9F}.Release|x64.Build.0 = Release|x64
		{678A089E-D499-4DA5-AAA8-016FC9228E9F}.Release|x64.Deploy.0 = Release|x64
		{678A089E-D499-4DA5-AAA8-016FC9228E9F}.Release|x86.ActiveCfg = Release|x86
		{678A089E-D499-4DA5-AAA8-016FC9228E9F}.Release|x86.Build.0 = Release|x86
		{678A089E-D499-4DA5-AAA8-016FC9228E9F}.Release|x86.Deploy.0 = Release|x86
		{C5B1325D-2BE2-454B-B533-8F1E74422BBB}.Debug|Any CPU.ActiveCfg = Debug|Any CPU
		{C5B1325D-2BE2-454B-B533-8F1E74422BBB}.Debug|Any CPU.Build.0 = Debug|Any CPU
		{C5B1325D-2BE2-454B-B533-8F1E74422BBB}.Debug|Any CPU.Deploy.0 = Debug|Any CPU
		{C5B1325D-2BE2-454B-B533-8F1E74422BBB}.Debug|ARM.ActiveCfg = Debug|Any CPU
		{C5B1325D-2BE2-454B-B533-8F1E74422BBB}.Debug|ARM.Build.0 = Debug|Any CPU
		{C5B1325D-2BE2-454B-B533-8F1E74422BBB}.Debug|ARM.Deploy.0 = Debug|Any CPU
		{C5B1325D-2BE2-454B-B533-8F1E74422BBB}.Debug|iPhone.ActiveCfg = Debug|Any CPU
		{C5B1325D-2BE2-454B-B533-8F1E74422BBB}.Debug|iPhone.Build.0 = Debug|Any CPU
		{C5B1325D-2BE2-454B-B533-8F1E74422BBB}.Debug|iPhone.Deploy.0 = Debug|Any CPU
		{C5B1325D-2BE2-454B-B533-8F1E74422BBB}.Debug|iPhoneSimulator.ActiveCfg = Debug|Any CPU
		{C5B1325D-2BE2-454B-B533-8F1E74422BBB}.Debug|iPhoneSimulator.Build.0 = Debug|Any CPU
		{C5B1325D-2BE2-454B-B533-8F1E74422BBB}.Debug|iPhoneSimulator.Deploy.0 = Debug|Any CPU
		{C5B1325D-2BE2-454B-B533-8F1E74422BBB}.Debug|x64.ActiveCfg = Debug|Any CPU
		{C5B1325D-2BE2-454B-B533-8F1E74422BBB}.Debug|x64.Build.0 = Debug|Any CPU
		{C5B1325D-2BE2-454B-B533-8F1E74422BBB}.Debug|x64.Deploy.0 = Debug|Any CPU
		{C5B1325D-2BE2-454B-B533-8F1E74422BBB}.Debug|x86.ActiveCfg = Debug|Any CPU
		{C5B1325D-2BE2-454B-B533-8F1E74422BBB}.Debug|x86.Build.0 = Debug|Any CPU
		{C5B1325D-2BE2-454B-B533-8F1E74422BBB}.Debug|x86.Deploy.0 = Debug|Any CPU
		{C5B1325D-2BE2-454B-B533-8F1E74422BBB}.Release|Any CPU.ActiveCfg = Release|Any CPU
		{C5B1325D-2BE2-454B-B533-8F1E74422BBB}.Release|Any CPU.Build.0 = Release|Any CPU
		{C5B1325D-2BE2-454B-B533-8F1E74422BBB}.Release|Any CPU.Deploy.0 = Release|Any CPU
		{C5B1325D-2BE2-454B-B533-8F1E74422BBB}.Release|ARM.ActiveCfg = Release|Any CPU
		{C5B1325D-2BE2-454B-B533-8F1E74422BBB}.Release|ARM.Build.0 = Release|Any CPU
		{C5B1325D-2BE2-454B-B533-8F1E74422BBB}.Release|ARM.Deploy.0 = Release|Any CPU
		{C5B1325D-2BE2-454B-B533-8F1E74422BBB}.Release|iPhone.ActiveCfg = Release|Any CPU
		{C5B1325D-2BE2-454B-B533-8F1E74422BBB}.Release|iPhone.Build.0 = Release|Any CPU
		{C5B1325D-2BE2-454B-B533-8F1E74422BBB}.Release|iPhone.Deploy.0 = Release|Any CPU
		{C5B1325D-2BE2-454B-B533-8F1E74422BBB}.Release|iPhoneSimulator.ActiveCfg = Release|Any CPU
		{C5B1325D-2BE2-454B-B533-8F1E74422BBB}.Release|iPhoneSimulator.Build.0 = Release|Any CPU
		{C5B1325D-2BE2-454B-B533-8F1E74422BBB}.Release|iPhoneSimulator.Deploy.0 = Release|Any CPU
		{C5B1325D-2BE2-454B-B533-8F1E74422BBB}.Release|x64.ActiveCfg = Release|Any CPU
		{C5B1325D-2BE2-454B-B533-8F1E74422BBB}.Release|x64.Build.0 = Release|Any CPU
		{C5B1325D-2BE2-454B-B533-8F1E74422BBB}.Release|x64.Deploy.0 = Release|Any CPU
		{C5B1325D-2BE2-454B-B533-8F1E74422BBB}.Release|x86.ActiveCfg = Release|Any CPU
		{C5B1325D-2BE2-454B-B533-8F1E74422BBB}.Release|x86.Build.0 = Release|Any CPU
		{C5B1325D-2BE2-454B-B533-8F1E74422BBB}.Release|x86.Deploy.0 = Release|Any CPU
		{2B91B2D6-B4A9-4842-8141-D2C3BB00295F}.Debug|Any CPU.ActiveCfg = Debug|iPhoneSimulator
		{2B91B2D6-B4A9-4842-8141-D2C3BB00295F}.Debug|Any CPU.Build.0 = Debug|iPhoneSimulator
		{2B91B2D6-B4A9-4842-8141-D2C3BB00295F}.Debug|Any CPU.Deploy.0 = Debug|iPhoneSimulator
		{2B91B2D6-B4A9-4842-8141-D2C3BB00295F}.Debug|ARM.ActiveCfg = Debug|iPhoneSimulator
		{2B91B2D6-B4A9-4842-8141-D2C3BB00295F}.Debug|ARM.Build.0 = Debug|iPhoneSimulator
		{2B91B2D6-B4A9-4842-8141-D2C3BB00295F}.Debug|ARM.Deploy.0 = Debug|iPhoneSimulator
		{2B91B2D6-B4A9-4842-8141-D2C3BB00295F}.Debug|iPhone.ActiveCfg = Debug|iPhone
		{2B91B2D6-B4A9-4842-8141-D2C3BB00295F}.Debug|iPhone.Build.0 = Debug|iPhone
		{2B91B2D6-B4A9-4842-8141-D2C3BB00295F}.Debug|iPhone.Deploy.0 = Debug|iPhone
		{2B91B2D6-B4A9-4842-8141-D2C3BB00295F}.Debug|iPhoneSimulator.ActiveCfg = Debug|iPhoneSimulator
		{2B91B2D6-B4A9-4842-8141-D2C3BB00295F}.Debug|iPhoneSimulator.Build.0 = Debug|iPhoneSimulator
		{2B91B2D6-B4A9-4842-8141-D2C3BB00295F}.Debug|iPhoneSimulator.Deploy.0 = Debug|iPhoneSimulator
		{2B91B2D6-B4A9-4842-8141-D2C3BB00295F}.Debug|x64.ActiveCfg = Debug|iPhone
		{2B91B2D6-B4A9-4842-8141-D2C3BB00295F}.Debug|x64.Build.0 = Debug|iPhone
		{2B91B2D6-B4A9-4842-8141-D2C3BB00295F}.Debug|x64.Deploy.0 = Debug|iPhone
		{2B91B2D6-B4A9-4842-8141-D2C3BB00295F}.Debug|x86.ActiveCfg = Debug|iPhoneSimulator
		{2B91B2D6-B4A9-4842-8141-D2C3BB00295F}.Debug|x86.Build.0 = Debug|iPhoneSimulator
		{2B91B2D6-B4A9-4842-8141-D2C3BB00295F}.Debug|x86.Deploy.0 = Debug|iPhoneSimulator
		{2B91B2D6-B4A9-4842-8141-D2C3BB00295F}.Release|Any CPU.ActiveCfg = Release|iPhoneSimulator
		{2B91B2D6-B4A9-4842-8141-D2C3BB00295F}.Release|Any CPU.Build.0 = Release|iPhoneSimulator
		{2B91B2D6-B4A9-4842-8141-D2C3BB00295F}.Release|Any CPU.Deploy.0 = Release|iPhoneSimulator
		{2B91B2D6-B4A9-4842-8141-D2C3BB00295F}.Release|ARM.ActiveCfg = Release|iPhoneSimulator
		{2B91B2D6-B4A9-4842-8141-D2C3BB00295F}.Release|ARM.Build.0 = Release|iPhoneSimulator
		{2B91B2D6-B4A9-4842-8141-D2C3BB00295F}.Release|ARM.Deploy.0 = Release|iPhoneSimulator
		{2B91B2D6-B4A9-4842-8141-D2C3BB00295F}.Release|iPhone.ActiveCfg = Release|iPhone
		{2B91B2D6-B4A9-4842-8141-D2C3BB00295F}.Release|iPhone.Build.0 = Release|iPhone
		{2B91B2D6-B4A9-4842-8141-D2C3BB00295F}.Release|iPhone.Deploy.0 = Release|iPhone
		{2B91B2D6-B4A9-4842-8141-D2C3BB00295F}.Release|iPhoneSimulator.ActiveCfg = Release|iPhoneSimulator
		{2B91B2D6-B4A9-4842-8141-D2C3BB00295F}.Release|iPhoneSimulator.Build.0 = Release|iPhoneSimulator
		{2B91B2D6-B4A9-4842-8141-D2C3BB00295F}.Release|iPhoneSimulator.Deploy.0 = Release|iPhoneSimulator
		{2B91B2D6-B4A9-4842-8141-D2C3BB00295F}.Release|x64.ActiveCfg = Release|iPhoneSimulator
		{2B91B2D6-B4A9-4842-8141-D2C3BB00295F}.Release|x64.Build.0 = Release|iPhoneSimulator
		{2B91B2D6-B4A9-4842-8141-D2C3BB00295F}.Release|x64.Deploy.0 = Release|iPhoneSimulator
		{2B91B2D6-B4A9-4842-8141-D2C3BB00295F}.Release|x86.ActiveCfg = Release|iPhoneSimulator
		{2B91B2D6-B4A9-4842-8141-D2C3BB00295F}.Release|x86.Build.0 = Release|iPhoneSimulator
		{2B91B2D6-B4A9-4842-8141-D2C3BB00295F}.Release|x86.Deploy.0 = Release|iPhoneSimulator
		{8D272A9E-554A-409E-93A4-996963ADA700}.Debug|Any CPU.ActiveCfg = Debug|Any CPU
		{8D272A9E-554A-409E-93A4-996963ADA700}.Debug|Any CPU.Build.0 = Debug|Any CPU
		{8D272A9E-554A-409E-93A4-996963ADA700}.Debug|Any CPU.Deploy.0 = Debug|Any CPU
		{8D272A9E-554A-409E-93A4-996963ADA700}.Debug|ARM.ActiveCfg = Debug|Any CPU
		{8D272A9E-554A-409E-93A4-996963ADA700}.Debug|ARM.Build.0 = Debug|Any CPU
		{8D272A9E-554A-409E-93A4-996963ADA700}.Debug|ARM.Deploy.0 = Debug|Any CPU
		{8D272A9E-554A-409E-93A4-996963ADA700}.Debug|iPhone.ActiveCfg = Debug|Any CPU
		{8D272A9E-554A-409E-93A4-996963ADA700}.Debug|iPhone.Build.0 = Debug|Any CPU
		{8D272A9E-554A-409E-93A4-996963ADA700}.Debug|iPhone.Deploy.0 = Debug|Any CPU
		{8D272A9E-554A-409E-93A4-996963ADA700}.Debug|iPhoneSimulator.ActiveCfg = Debug|Any CPU
		{8D272A9E-554A-409E-93A4-996963ADA700}.Debug|iPhoneSimulator.Build.0 = Debug|Any CPU
		{8D272A9E-554A-409E-93A4-996963ADA700}.Debug|iPhoneSimulator.Deploy.0 = Debug|Any CPU
		{8D272A9E-554A-409E-93A4-996963ADA700}.Debug|x64.ActiveCfg = Debug|Any CPU
		{8D272A9E-554A-409E-93A4-996963ADA700}.Debug|x64.Build.0 = Debug|Any CPU
		{8D272A9E-554A-409E-93A4-996963ADA700}.Debug|x64.Deploy.0 = Debug|Any CPU
		{8D272A9E-554A-409E-93A4-996963ADA700}.Debug|x86.ActiveCfg = Debug|Any CPU
		{8D272A9E-554A-409E-93A4-996963ADA700}.Debug|x86.Build.0 = Debug|Any CPU
		{8D272A9E-554A-409E-93A4-996963ADA700}.Debug|x86.Deploy.0 = Debug|Any CPU
		{8D272A9E-554A-409E-93A4-996963ADA700}.Release|Any CPU.ActiveCfg = Release|Any CPU
		{8D272A9E-554A-409E-93A4-996963ADA700}.Release|Any CPU.Build.0 = Release|Any CPU
		{8D272A9E-554A-409E-93A4-996963ADA700}.Release|Any CPU.Deploy.0 = Release|Any CPU
		{8D272A9E-554A-409E-93A4-996963ADA700}.Release|ARM.ActiveCfg = Release|Any CPU
		{8D272A9E-554A-409E-93A4-996963ADA700}.Release|ARM.Build.0 = Release|Any CPU
		{8D272A9E-554A-409E-93A4-996963ADA700}.Release|ARM.Deploy.0 = Release|Any CPU
		{8D272A9E-554A-409E-93A4-996963ADA700}.Release|iPhone.ActiveCfg = Release|Any CPU
		{8D272A9E-554A-409E-93A4-996963ADA700}.Release|iPhone.Build.0 = Release|Any CPU
		{8D272A9E-554A-409E-93A4-996963ADA700}.Release|iPhone.Deploy.0 = Release|Any CPU
		{8D272A9E-554A-409E-93A4-996963ADA700}.Release|iPhoneSimulator.ActiveCfg = Release|Any CPU
		{8D272A9E-554A-409E-93A4-996963ADA700}.Release|iPhoneSimulator.Build.0 = Release|Any CPU
		{8D272A9E-554A-409E-93A4-996963ADA700}.Release|iPhoneSimulator.Deploy.0 = Release|Any CPU
		{8D272A9E-554A-409E-93A4-996963ADA700}.Release|x64.ActiveCfg = Release|Any CPU
		{8D272A9E-554A-409E-93A4-996963ADA700}.Release|x64.Build.0 = Release|Any CPU
		{8D272A9E-554A-409E-93A4-996963ADA700}.Release|x64.Deploy.0 = Release|Any CPU
		{8D272A9E-554A-409E-93A4-996963ADA700}.Release|x86.ActiveCfg = Release|Any CPU
		{8D272A9E-554A-409E-93A4-996963ADA700}.Release|x86.Build.0 = Release|Any CPU
		{8D272A9E-554A-409E-93A4-996963ADA700}.Release|x86.Deploy.0 = Release|Any CPU
	EndGlobalSection
	GlobalSection(SolutionProperties) = preSolution
		HideSolutionNode = FALSE
	EndGlobalSection
	GlobalSection(ExtensibilityGlobals) = postSolution
		SolutionGuid = {0BDB3264-3E88-4C9E-9702-D94ACF2E72AB}
	EndGlobalSection
EndGlobal
